
Microsoft Visual Studio Solution File, Format Version 12.00
# Visual Studio 15
VisualStudioVersion = 15.0.28307.168
MinimumVisualStudioVersion = 10.0.40219.1
Project("{FAE04EC0-301F-11D3-BF4B-00C04F79EFBC}") = "5-15 SignalRTasks.web", "5-15 SignalRTasks.web\5-15 SignalRTasks.web.csproj", "{77D11144-2F9A-46F2-939A-3DC8CA65F4E3}"
EndProject
Project("{FAE04EC0-301F-11D3-BF4B-00C04F79EFBC}") = "5-15 SignalRTasks.data", "5-15 SignalRTasks.data\5-15 SignalRTasks.data.csproj", "{ECB5168D-B6CE-426D-AC0D-5B3692890869}"
EndProject
Global
	GlobalSection(SolutionConfigurationPlatforms) = preSolution
		Debug|Any CPU = Debug|Any CPU
		Release|Any CPU = Release|Any CPU
	EndGlobalSection
	GlobalSection(ProjectConfigurationPlatforms) = postSolution
		{77D11144-2F9A-46F2-939A-3DC8CA65F4E3}.Debug|Any CPU.ActiveCfg = Debug|Any CPU
		{77D11144-2F9A-46F2-939A-3DC8CA65F4E3}.Debug|Any CPU.Build.0 = Debug|Any CPU
		{77D11144-2F9A-46F2-939A-3DC8CA65F4E3}.Release|Any CPU.ActiveCfg = Release|Any CPU
		{77D11144-2F9A-46F2-939A-3DC8CA65F4E3}.Release|Any CPU.Build.0 = Release|Any CPU
		{ECB5168D-B6CE-426D-AC0D-5B3692890869}.Debug|Any CPU.ActiveCfg = Debug|Any CPU
		{ECB5168D-B6CE-426D-AC0D-5B3692890869}.Debug|Any CPU.Build.0 = Debug|Any CPU
		{ECB5168D-B6CE-426D-AC0D-5B3692890869}.Release|Any CPU.ActiveCfg = Release|Any CPU
		{ECB5168D-B6CE-426D-AC0D-5B3692890869}.Release|Any CPU.Build.0 = Release|Any CPU
	EndGlobalSection
	GlobalSection(SolutionProperties) = preSolution
		HideSolutionNode = FALSE
	EndGlobalSection
	GlobalSection(ExtensibilityGlobals) = postSolution
		SolutionGuid = {0FFB2147-A146-4F85-A664-F17C6038725B}
	EndGlobalSection
EndGlobal
